
Microsoft Visual Studio Solution File, Format Version 12.00
# Visual Studio Version 16
VisualStudioVersion = 16.0.30104.148
MinimumVisualStudioVersion = 10.0.40219.1
Project("{9A19103F-16F7-4668-BE54-9A1E7A4F7556}") = "AspNetCoreMusicAlbumn", "AspNetCoreMusicAlbumn\AspNetCoreMusicAlbumn.csproj", "{21484A00-576A-4EDA-8A69-241BC001FDF6}"
EndProject
Project("{2150E333-8FDC-42A3-9474-1A3956D46DE8}") = "Solution Items", "Solution Items", "{273E4A3F-928C-4798-895E-048EDEA7D76A}"
	ProjectSection(SolutionItems) = preProject
		Readme.md = Readme.md
	EndProjectSection
EndProject
Global
	GlobalSection(SolutionConfigurationPlatforms) = preSolution
		Debug|Any CPU = Debug|Any CPU
		Release|Any CPU = Release|Any CPU
	EndGlobalSection
	GlobalSection(ProjectConfigurationPlatforms) = postSolution
		{21484A00-576A-4EDA-8A69-241BC001FDF6}.Debug|Any CPU.ActiveCfg = Debug|Any CPU
		{21484A00-576A-4EDA-8A69-241BC001FDF6}.Debug|Any CPU.Build.0 = Debug|Any CPU
		{21484A00-576A-4EDA-8A69-241BC001FDF6}.Release|Any CPU.ActiveCfg = Release|Any CPU
		{21484A00-576A-4EDA-8A69-241BC001FDF6}.Release|Any CPU.Build.0 = Release|Any CPU
	EndGlobalSection
	GlobalSection(SolutionProperties) = preSolution
		HideSolutionNode = FALSE
	EndGlobalSection
	GlobalSection(ExtensibilityGlobals) = postSolution
		SolutionGuid = {2ADABD4C-F7F8-4874-A157-70B48737C859}
	EndGlobalSection
EndGlobal
